{
  "name": "dropzonehq",
  "version": "0.1.0",
  "lockfileVersion": 1,
  "requires": true,
  "dependencies": {
    "classnames": {
      "version": "2.2.5",
      "resolved": "https://registry.npmjs.org/classnames/-/classnames-2.2.5.tgz",
      "integrity": "sha1-+zgB1FNGdknvNgPH1hoCvRKb3m0="
    },
    "react-table": {
      "version": "6.6.0",
      "resolved": "https://registry.npmjs.org/react-table/-/react-table-6.6.0.tgz",
      "integrity": "sha512-6g5GKrmufyol9x9i0GwSK2GwMFFevhfLhoYi9fD+0NUD4ctY9iHiSMAHkZK8vgBe6cRQyl7ncdtBB9vhJPtmfw==",
      "requires": {
        "classnames": "2.2.5"
      }
    }
  }
}
